
Microsoft Visual Studio Solution File, Format Version 12.00
# Visual Studio Version 17
VisualStudioVersion = 17.8.34309.116
MinimumVisualStudioVersion = 10.0.40219.1
Project("{FAE04EC0-301F-11D3-BF4B-00C04F79EFBC}") = "Functions_final", "Functions_final.csproj", "{76118587-314F-4F5A-9DC9-23BE01563D4D}"
EndProject
Global
	GlobalSection(SolutionConfigurationPlatforms) = preSolution
		Debug|Any CPU = Debug|Any CPU
		Release|Any CPU = Release|Any CPU
	EndGlobalSection
	GlobalSection(ProjectConfigurationPlatforms) = postSolution
		{76118587-314F-4F5A-9DC9-23BE01563D4D}.Debug|Any CPU.ActiveCfg = Debug|Any CPU
		{76118587-314F-4F5A-9DC9-23BE01563D4D}.Debug|Any CPU.Build.0 = Debug|Any CPU
		{76118587-314F-4F5A-9DC9-23BE01563D4D}.Release|Any CPU.ActiveCfg = Release|Any CPU
		{76118587-314F-4F5A-9DC9-23BE01563D4D}.Release|Any CPU.Build.0 = Release|Any CPU
	EndGlobalSection
	GlobalSection(SolutionProperties) = preSolution
		HideSolutionNode = FALSE
	EndGlobalSection
	GlobalSection(ExtensibilityGlobals) = postSolution
		SolutionGuid = {D9F7A73E-F2D6-434B-8A6D-8296ABA483A1}
	EndGlobalSection
EndGlobal
